
Microsoft Visual Studio Solution File, Format Version 12.00
# Visual Studio Version 17
VisualStudioVersion = 17.2.32630.192
MinimumVisualStudioVersion = 10.0.40219.1
Project("{FAE04EC0-301F-11D3-BF4B-00C04F79EFBC}") = "UIProject", "UIProject.csproj", "{6B1792A4-E18D-404C-87BE-4950A2634A8B}"
EndProject
Project("{FAE04EC0-301F-11D3-BF4B-00C04F79EFBC}") = "BusinessLayer", "..\BusinessLayer\BusinessLayer.csproj", "{1370E72A-0FEC-432E-A6B8-0FDDC23C81FE}"
EndProject
Project("{FAE04EC0-301F-11D3-BF4B-00C04F79EFBC}") = "DataAccessLayer", "..\DataAccessLayer\DataAccessLayer.csproj", "{8AB81ED1-F5A9-493A-8FAD-3F9AC9A0435C}"
EndProject
Project("{FAE04EC0-301F-11D3-BF4B-00C04F79EFBC}") = "EntityLayer", "..\EntityLayer\EntityLayer.csproj", "{AB8011BF-A7EA-4F54-AA47-5ED33511324F}"
EndProject
Global
	GlobalSection(SolutionConfigurationPlatforms) = preSolution
		Debug|Any CPU = Debug|Any CPU
		Release|Any CPU = Release|Any CPU
	EndGlobalSection
	GlobalSection(ProjectConfigurationPlatforms) = postSolution
		{6B1792A4-E18D-404C-87BE-4950A2634A8B}.Debug|Any CPU.ActiveCfg = Debug|Any CPU
		{6B1792A4-E18D-404C-87BE-4950A2634A8B}.Debug|Any CPU.Build.0 = Debug|Any CPU
		{6B1792A4-E18D-404C-87BE-4950A2634A8B}.Release|Any CPU.ActiveCfg = Release|Any CPU
		{6B1792A4-E18D-404C-87BE-4950A2634A8B}.Release|Any CPU.Build.0 = Release|Any CPU
		{1370E72A-0FEC-432E-A6B8-0FDDC23C81FE}.Debug|Any CPU.ActiveCfg = Debug|Any CPU
		{1370E72A-0FEC-432E-A6B8-0FDDC23C81FE}.Debug|Any CPU.Build.0 = Debug|Any CPU
		{1370E72A-0FEC-432E-A6B8-0FDDC23C81FE}.Release|Any CPU.ActiveCfg = Release|Any CPU
		{1370E72A-0FEC-432E-A6B8-0FDDC23C81FE}.Release|Any CPU.Build.0 = Release|Any CPU
		{8AB81ED1-F5A9-493A-8FAD-3F9AC9A0435C}.Debug|Any CPU.ActiveCfg = Debug|Any CPU
		{8AB81ED1-F5A9-493A-8FAD-3F9AC9A0435C}.Debug|Any CPU.Build.0 = Debug|Any CPU
		{8AB81ED1-F5A9-493A-8FAD-3F9AC9A0435C}.Release|Any CPU.ActiveCfg = Release|Any CPU
		{8AB81ED1-F5A9-493A-8FAD-3F9AC9A0435C}.Release|Any CPU.Build.0 = Release|Any CPU
		{AB8011BF-A7EA-4F54-AA47-5ED33511324F}.Debug|Any CPU.ActiveCfg = Debug|Any CPU
		{AB8011BF-A7EA-4F54-AA47-5ED33511324F}.Debug|Any CPU.Build.0 = Debug|Any CPU
		{AB8011BF-A7EA-4F54-AA47-5ED33511324F}.Release|Any CPU.ActiveCfg = Release|Any CPU
		{AB8011BF-A7EA-4F54-AA47-5ED33511324F}.Release|Any CPU.Build.0 = Release|Any CPU
	EndGlobalSection
	GlobalSection(SolutionProperties) = preSolution
		HideSolutionNode = FALSE
	EndGlobalSection
	GlobalSection(ExtensibilityGlobals) = postSolution
		SolutionGuid = {BF2340C5-D3B9-4DCC-8E88-764B2B7C4D51}
	EndGlobalSection
EndGlobal
